
Microsoft Visual Studio Solution File, Format Version 12.00
# Visual Studio Version 17
VisualStudioVersion = 17.3.32929.385
MinimumVisualStudioVersion = 10.0.40219.1
Project("{FAE04EC0-301F-11D3-BF4B-00C04F79EFBC}") = "HealthCheck.Web", "HealthCheck\HealthCheck.Web.csproj", "{DE93AD7A-007C-48E7-9BF6-07FF5C7674C8}"
EndProject
Project("{FAE04EC0-301F-11D3-BF4B-00C04F79EFBC}") = "HealthCheck.Tests", "HealthCheck.Tests\HealthCheck.Tests.csproj", "{6151DB2C-4B53-41EB-898B-A5C0256AE6F2}"
EndProject
Project("{FAE04EC0-301F-11D3-BF4B-00C04F79EFBC}") = "HealthCheck.Domain", "HealthCheck.Domain\HealthCheck.Domain.csproj", "{4A17E7AC-3EBA-45B0-9660-2BB4E8149734}"
EndProject
Global
	GlobalSection(SolutionConfigurationPlatforms) = preSolution
		Debug|Any CPU = Debug|Any CPU
		Release|Any CPU = Release|Any CPU
	EndGlobalSection
	GlobalSection(ProjectConfigurationPlatforms) = postSolution
		{DE93AD7A-007C-48E7-9BF6-07FF5C7674C8}.Debug|Any CPU.ActiveCfg = Debug|Any CPU
		{DE93AD7A-007C-48E7-9BF6-07FF5C7674C8}.Debug|Any CPU.Build.0 = Debug|Any CPU
		{DE93AD7A-007C-48E7-9BF6-07FF5C7674C8}.Release|Any CPU.ActiveCfg = Release|Any CPU
		{DE93AD7A-007C-48E7-9BF6-07FF5C7674C8}.Release|Any CPU.Build.0 = Release|Any CPU
		{6151DB2C-4B53-41EB-898B-A5C0256AE6F2}.Debug|Any CPU.ActiveCfg = Debug|Any CPU
		{6151DB2C-4B53-41EB-898B-A5C0256AE6F2}.Debug|Any CPU.Build.0 = Debug|Any CPU
		{6151DB2C-4B53-41EB-898B-A5C0256AE6F2}.Release|Any CPU.ActiveCfg = Release|Any CPU
		{6151DB2C-4B53-41EB-898B-A5C0256AE6F2}.Release|Any CPU.Build.0 = Release|Any CPU
		{4A17E7AC-3EBA-45B0-9660-2BB4E8149734}.Debug|Any CPU.ActiveCfg = Debug|Any CPU
		{4A17E7AC-3EBA-45B0-9660-2BB4E8149734}.Debug|Any CPU.Build.0 = Debug|Any CPU
		{4A17E7AC-3EBA-45B0-9660-2BB4E8149734}.Release|Any CPU.ActiveCfg = Release|Any CPU
		{4A17E7AC-3EBA-45B0-9660-2BB4E8149734}.Release|Any CPU.Build.0 = Release|Any CPU
	EndGlobalSection
	GlobalSection(SolutionProperties) = preSolution
		HideSolutionNode = FALSE
	EndGlobalSection
	GlobalSection(ExtensibilityGlobals) = postSolution
		SolutionGuid = {C12C2CD0-F3CA-46A2-9C1A-DD48068B6765}
	EndGlobalSection
EndGlobal
